
Microsoft Visual Studio Solution File, Format Version 12.00
# Visual Studio 14
VisualStudioVersion = 14.0.24720.0
MinimumVisualStudioVersion = 10.0.40219.1
Project("{FAE04EC0-301F-11D3-BF4B-00C04F79EFBC}") = "JeremyAnsel.DirectX.Window", "JeremyAnsel.DirectX.Window\JeremyAnsel.DirectX.Window.csproj", "{DDC6ABEB-3975-47DE-8EAB-FCBAFE549F85}"
EndProject
Project("{FAE04EC0-301F-11D3-BF4B-00C04F79EFBC}") = "JeremyAnsel.DirectX.Window.Wpf", "JeremyAnsel.DirectX.Window.Wpf\JeremyAnsel.DirectX.Window.Wpf.csproj", "{751BE568-A175-4FBA-9FCE-9F775BAE7ACA}"
EndProject
Project("{FAE04EC0-301F-11D3-BF4B-00C04F79EFBC}") = "JeremyAnsel.DirectX.GameWindow", "JeremyAnsel.DirectX.GameWindow\JeremyAnsel.DirectX.GameWindow.csproj", "{61F93966-F2F1-492E-80B6-DB0F964182D6}"
EndProject
Global
	GlobalSection(SolutionConfigurationPlatforms) = preSolution
		Debug|Any CPU = Debug|Any CPU
		Release|Any CPU = Release|Any CPU
	EndGlobalSection
	GlobalSection(ProjectConfigurationPlatforms) = postSolution
		{DDC6ABEB-3975-47DE-8EAB-FCBAFE549F85}.Debug|Any CPU.ActiveCfg = Debug|Any CPU
		{DDC6ABEB-3975-47DE-8EAB-FCBAFE549F85}.Debug|Any CPU.Build.0 = Debug|Any CPU
		{DDC6ABEB-3975-47DE-8EAB-FCBAFE549F85}.Release|Any CPU.ActiveCfg = Release|Any CPU
		{DDC6ABEB-3975-47DE-8EAB-FCBAFE549F85}.Release|Any CPU.Build.0 = Release|Any CPU
		{751BE568-A175-4FBA-9FCE-9F775BAE7ACA}.Debug|Any CPU.ActiveCfg = Debug|Any CPU
		{751BE568-A175-4FBA-9FCE-9F775BAE7ACA}.Debug|Any CPU.Build.0 = Debug|Any CPU
		{751BE568-A175-4FBA-9FCE-9F775BAE7ACA}.Release|Any CPU.ActiveCfg = Release|Any CPU
		{751BE568-A175-4FBA-9FCE-9F775BAE7ACA}.Release|Any CPU.Build.0 = Release|Any CPU
		{61F93966-F2F1-492E-80B6-DB0F964182D6}.Debug|Any CPU.ActiveCfg = Debug|Any CPU
		{61F93966-F2F1-492E-80B6-DB0F964182D6}.Debug|Any CPU.Build.0 = Debug|Any CPU
		{61F93966-F2F1-492E-80B6-DB0F964182D6}.Release|Any CPU.ActiveCfg = Release|Any CPU
		{61F93966-F2F1-492E-80B6-DB0F964182D6}.Release|Any CPU.Build.0 = Release|Any CPU
	EndGlobalSection
	GlobalSection(SolutionProperties) = preSolution
		HideSolutionNode = FALSE
	EndGlobalSection
EndGlobal
